// !$*UTF8*$!
{
	archiveVersion = 1;
	classes = {
	};
	objectVersion = 55;
	objects = {

/* Begin PBXBuildFile section */
		B528CE2928CF66F600F9FC6F /* Evidence.swift in Sources */ = {isa = PBXBuildFile; fileRef = B528CE2828CF66F600F9FC6F /* Evidence.swift */; };
		B5370EE028C9390D001566FF /* Ghosts.swift in Sources */ = {isa = PBXBuildFile; fileRef = B5370EDF28C9390D001566FF /* Ghosts.swift */; };
		B5404BA128D3BB2F00489FFE /* Aspects.swift in Sources */ = {isa = PBXBuildFile; fileRef = B5404BA028D3BB2F00489FFE /* Aspects.swift */; };
		B5404BA528D3BC3D00489FFE /* AspectListView.swift in Sources */ = {isa = PBXBuildFile; fileRef = B5404BA428D3BC3D00489FFE /* AspectListView.swift */; };
		B5404BA728D3BC4A00489FFE /* AspectDetailView.swift in Sources */ = {isa = PBXBuildFile; fileRef = B5404BA628D3BC4A00489FFE /* AspectDetailView.swift */; };
		B545959F28C7FB7E006CB520 /* GhostyApp.swift in Sources */ = {isa = PBXBuildFile; fileRef = B545959E28C7FB7E006CB520 /* GhostyApp.swift */; };
		B54595A128C7FB7E006CB520 /* ContentView.swift in Sources */ = {isa = PBXBuildFile; fileRef = B54595A028C7FB7E006CB520 /* ContentView.swift */; };
		B54595A328C7FB7E006CB520 /* Assets.xcassets in Resources */ = {isa = PBXBuildFile; fileRef = B54595A228C7FB7E006CB520 /* Assets.xcassets */; };
		B54595A628C7FB7E006CB520 /* Preview Assets.xcassets in Resources */ = {isa = PBXBuildFile; fileRef = B54595A528C7FB7E006CB520 /* Preview Assets.xcassets */; };
		B56BDCDB28CE6B80007517E3 /* GhostListView.swift in Sources */ = {isa = PBXBuildFile; fileRef = B56BDCDA28CE6B80007517E3 /* GhostListView.swift */; };
		B56BDCDD28CE6B8D007517E3 /* GhostDetailView.swift in Sources */ = {isa = PBXBuildFile; fileRef = B56BDCDC28CE6B8D007517E3 /* GhostDetailView.swift */; };
		B56BDCE028CE6C8E007517E3 /* InvestigationView.swift in Sources */ = {isa = PBXBuildFile; fileRef = B56BDCDF28CE6C8E007517E3 /* InvestigationView.swift */; };
/* End PBXBuildFile section */

/* Begin PBXFileReference section */
		B528CE2828CF66F600F9FC6F /* Evidence.swift */ = {isa = PBXFileReference; lastKnownFileType = sourcecode.swift; path = Evidence.swift; sourceTree = "<group>"; };
		B528CE2A28CFA03800F9FC6F /* Info.plist */ = {isa = PBXFileReference; lastKnownFileType = text.plist; path = Info.plist; sourceTree = "<group>"; };
		B5370EDF28C9390D001566FF /* Ghosts.swift */ = {isa = PBXFileReference; lastKnownFileType = sourcecode.swift; path = Ghosts.swift; sourceTree = "<group>"; };
		B5404BA028D3BB2F00489FFE /* Aspects.swift */ = {isa = PBXFileReference; lastKnownFileType = sourcecode.swift; path = Aspects.swift; sourceTree = "<group>"; };
		B5404BA428D3BC3D00489FFE /* AspectListView.swift */ = {isa = PBXFileReference; lastKnownFileType = sourcecode.swift; path = AspectListView.swift; sourceTree = "<group>"; };
		B5404BA628D3BC4A00489FFE /* AspectDetailView.swift */ = {isa = PBXFileReference; lastKnownFileType = sourcecode.swift; path = AspectDetailView.swift; sourceTree = "<group>"; };
		B545959B28C7FB7E006CB520 /* Ghosty.app */ = {isa = PBXFileReference; explicitFileType = wrapper.application; includeInIndex = 0; path = Ghosty.app; sourceTree = BUILT_PRODUCTS_DIR; };
		B545959E28C7FB7E006CB520 /* GhostyApp.swift */ = {isa = PBXFileReference; lastKnownFileType = sourcecode.swift; path = GhostyApp.swift; sourceTree = "<group>"; };
		B54595A028C7FB7E006CB520 /* ContentView.swift */ = {isa = PBXFileReference; lastKnownFileType = sourcecode.swift; path = ContentView.swift; sourceTree = "<group>"; };
		B54595A228C7FB7E006CB520 /* Assets.xcassets */ = {isa = PBXFileReference; lastKnownFileType = folder.assetcatalog; path = Assets.xcassets; sourceTree = "<group>"; };
		B54595A528C7FB7E006CB520 /* Preview Assets.xcassets */ = {isa = PBXFileReference; lastKnownFileType = folder.assetcatalog; path = "Preview Assets.xcassets"; sourceTree = "<group>"; };
		B56BDCDA28CE6B80007517E3 /* GhostListView.swift */ = {isa = PBXFileReference; lastKnownFileType = sourcecode.swift; path = GhostListView.swift; sourceTree = "<group>"; };
		B56BDCDC28CE6B8D007517E3 /* GhostDetailView.swift */ = {isa = PBXFileReference; lastKnownFileType = sourcecode.swift; path = GhostDetailView.swift; sourceTree = "<group>"; };
		B56BDCDF28CE6C8E007517E3 /* InvestigationView.swift */ = {isa = PBXFileReference; lastKnownFileType = sourcecode.swift; path = InvestigationView.swift; sourceTree = "<group>"; };
/* End PBXFileReference section */

/* Begin PBXFrameworksBuildPhase section */
		B545959828C7FB7E006CB520 /* Frameworks */ = {
			isa = PBXFrameworksBuildPhase;
			buildActionMask = 2147483647;
			files = (
			);
			runOnlyForDeploymentPostprocessing = 0;
		};
/* End PBXFrameworksBuildPhase section */

/* Begin PBXGroup section */
		B5370ED828C9311C001566FF /* views */ = {
			isa = PBXGroup;
			children = (
				B5404BA328D3BC1F00489FFE /* aspects */,
				B56BDCDE28CE6C73007517E3 /* investigation */,
				B56BDCD928CE6B62007517E3 /* ghost */,
			);
			path = views;
			sourceTree = "<group>";
		};
		B5370EDB28C93511001566FF /* data */ = {
			isa = PBXGroup;
			children = (
				B5370EDF28C9390D001566FF /* Ghosts.swift */,
				B528CE2828CF66F600F9FC6F /* Evidence.swift */,
				B5404BA028D3BB2F00489FFE /* Aspects.swift */,
			);
			path = data;
			sourceTree = "<group>";
		};
		B5370EDC28C9388B001566FF /* services */ = {
			isa = PBXGroup;
			children = (
			);
			path = services;
			sourceTree = "<group>";
		};
		B5404BA328D3BC1F00489FFE /* aspects */ = {
			isa = PBXGroup;
			children = (
				B5404BA428D3BC3D00489FFE /* AspectListView.swift */,
				B5404BA628D3BC4A00489FFE /* AspectDetailView.swift */,
			);
			path = aspects;
			sourceTree = "<group>";
		};
		B545959228C7FB7E006CB520 = {
			isa = PBXGroup;
			children = (
				B545959D28C7FB7E006CB520 /* Ghosty */,
				B545959C28C7FB7E006CB520 /* Products */,
			);
			sourceTree = "<group>";
		};
		B545959C28C7FB7E006CB520 /* Products */ = {
			isa = PBXGroup;
			children = (
				B545959B28C7FB7E006CB520 /* Ghosty.app */,
			);
			name = Products;
			sourceTree = "<group>";
		};
		B545959D28C7FB7E006CB520 /* Ghosty */ = {
			isa = PBXGroup;
			children = (
				B528CE2A28CFA03800F9FC6F /* Info.plist */,
				B5370EDC28C9388B001566FF /* services */,
				B5370EDB28C93511001566FF /* data */,
				B5370ED828C9311C001566FF /* views */,
				B545959E28C7FB7E006CB520 /* GhostyApp.swift */,
				B54595A028C7FB7E006CB520 /* ContentView.swift */,
				B54595A228C7FB7E006CB520 /* Assets.xcassets */,
				B54595A428C7FB7E006CB520 /* Preview Content */,
			);
			path = Ghosty;
			sourceTree = "<group>";
		};
		B54595A428C7FB7E006CB520 /* Preview Content */ = {
			isa = PBXGroup;
			children = (
				B54595A528C7FB7E006CB520 /* Preview Assets.xcassets */,
			);
			path = "Preview Content";
			sourceTree = "<group>";
		};
		B56BDCD928CE6B62007517E3 /* ghost */ = {
			isa = PBXGroup;
			children = (
				B56BDCDA28CE6B80007517E3 /* GhostListView.swift */,
				B56BDCDC28CE6B8D007517E3 /* GhostDetailView.swift */,
			);
			path = ghost;
			sourceTree = "<group>";
		};
		B56BDCDE28CE6C73007517E3 /* investigation */ = {
			isa = PBXGroup;
			children = (
				B56BDCDF28CE6C8E007517E3 /* InvestigationView.swift */,
			);
			path = investigation;
			sourceTree = "<group>";
		};
/* End PBXGroup section */

/* Begin PBXNativeTarget section */
		B545959A28C7FB7E006CB520 /* Ghosty */ = {
			isa = PBXNativeTarget;
			buildConfigurationList = B54595A928C7FB7E006CB520 /* Build configuration list for PBXNativeTarget "Ghosty" */;
			buildPhases = (
				B545959728C7FB7E006CB520 /* Sources */,
				B545959828C7FB7E006CB520 /* Frameworks */,
				B545959928C7FB7E006CB520 /* Resources */,
			);
			buildRules = (
			);
			dependencies = (
			);
			name = Ghosty;
			productName = Ghosty;
			productReference = B545959B28C7FB7E006CB520 /* Ghosty.app */;
			productType = "com.apple.product-type.application";
		};
/* End PBXNativeTarget section */

/* Begin PBXProject section */
		B545959328C7FB7E006CB520 /* Project object */ = {
			isa = PBXProject;
			attributes = {
				BuildIndependentTargetsInParallel = 1;
				LastSwiftUpdateCheck = 1340;
				LastUpgradeCheck = 1340;
				TargetAttributes = {
					B545959A28C7FB7E006CB520 = {
						CreatedOnToolsVersion = 13.4.1;
					};
				};
			};
			buildConfigurationList = B545959628C7FB7E006CB520 /* Build configuration list for PBXProject "Ghosty" */;
			compatibilityVersion = "Xcode 13.0";
			developmentRegion = en;
			hasScannedForEncodings = 0;
			knownRegions = (
				en,
				Base,
			);
			mainGroup = B545959228C7FB7E006CB520;
			productRefGroup = B545959C28C7FB7E006CB520 /* Products */;
			projectDirPath = "";
			projectRoot = "";
			targets = (
				B545959A28C7FB7E006CB520 /* Ghosty */,
			);
		};
/* End PBXProject section */

/* Begin PBXResourcesBuildPhase section */
		B545959928C7FB7E006CB520 /* Resources */ = {
			isa = PBXResourcesBuildPhase;
			buildActionMask = 2147483647;
			files = (
				B54595A628C7FB7E006CB520 /* Preview Assets.xcassets in Resources */,
				B54595A328C7FB7E006CB520 /* Assets.xcassets in Resources */,
			);
			runOnlyForDeploymentPostprocessing = 0;
		};
/* End PBXResourcesBuildPhase section */

/* Begin PBXSourcesBuildPhase section */
		B545959728C7FB7E006CB520 /* Sources */ = {
			isa = PBXSourcesBuildPhase;
			buildActionMask = 2147483647;
			files = (
				B5404BA528D3BC3D00489FFE /* AspectListView.swift in Sources */,
				B54595A128C7FB7E006CB520 /* ContentView.swift in Sources */,
				B56BDCDB28CE6B80007517E3 /* GhostListView.swift in Sources */,
				B5370EE028C9390D001566FF /* Ghosts.swift in Sources */,
				B56BDCDD28CE6B8D007517E3 /* GhostDetailView.swift in Sources */,
				B528CE2928CF66F600F9FC6F /* Evidence.swift in Sources */,
				B5404BA128D3BB2F00489FFE /* Aspects.swift in Sources */,
				B545959F28C7FB7E006CB520 /* GhostyApp.swift in Sources */,
				B5404BA728D3BC4A00489FFE /* AspectDetailView.swift in Sources */,
				B56BDCE028CE6C8E007517E3 /* InvestigationView.swift in Sources */,
			);
			runOnlyForDeploymentPostprocessing = 0;
		};
/* End PBXSourcesBuildPhase section */

/* Begin XCBuildConfiguration section */
		B54595A728C7FB7E006CB520 /* Debug */ = {
			isa = XCBuildConfiguration;
			buildSettings = {
				ALWAYS_SEARCH_USER_PATHS = NO;
				CLANG_ANALYZER_NONNULL = YES;
				CLANG_ANALYZER_NUMBER_OBJECT_CONVERSION = YES_AGGRESSIVE;
				CLANG_CXX_LANGUAGE_STANDARD = "gnu++17";
				CLANG_ENABLE_MODULES = YES;
				CLANG_ENABLE_OBJC_ARC = YES;
				CLANG_ENABLE_OBJC_WEAK = YES;
				CLANG_WARN_BLOCK_CAPTURE_AUTORELEASING = YES;
				CLANG_WARN_BOOL_CONVERSION = YES;
				CLANG_WARN_COMMA = YES;
				CLANG_WARN_CONSTANT_CONVERSION = YES;
				CLANG_WARN_DEPRECATED_OBJC_IMPLEMENTATIONS = YES;
				CLANG_WARN_DIRECT_OBJC_ISA_USAGE = YES_ERROR;
				CLANG_WARN_DOCUMENTATION_COMMENTS = YES;
				CLANG_WARN_EMPTY_BODY = YES;
				CLANG_WARN_ENUM_CONVERSION = YES;
				CLANG_WARN_INFINITE_RECURSION = YES;
				CLANG_WARN_INT_CONVERSION = YES;
				CLANG_WARN_NON_LITERAL_NULL_CONVERSION = YES;
				CLANG_WARN_OBJC_IMPLICIT_RETAIN_SELF = YES;
				CLANG_WARN_OBJC_LITERAL_CONVERSION = YES;
				CLANG_WARN_OBJC_ROOT_CLASS = YES_ERROR;
				CLANG_WARN_QUOTED_INCLUDE_IN_FRAMEWORK_HEADER = YES;
				CLANG_WARN_RANGE_LOOP_ANALYSIS = YES;
				CLANG_WARN_STRICT_PROTOTYPES = YES;
				CLANG_WARN_SUSPICIOUS_MOVE = YES;
				CLANG_WARN_UNGUARDED_AVAILABILITY = YES_AGGRESSIVE;
				CLANG_WARN_UNREACHABLE_CODE = YES;
				CLANG_WARN__DUPLICATE_METHOD_MATCH = YES;
				COPY_PHASE_STRIP = NO;
				DEBUG_INFORMATION_FORMAT = dwarf;
				ENABLE_STRICT_OBJC_MSGSEND = YES;
				ENABLE_TESTABILITY = YES;
				GCC_C_LANGUAGE_STANDARD = gnu11;
				GCC_DYNAMIC_NO_PIC = NO;
				GCC_NO_COMMON_BLOCKS = YES;
				GCC_OPTIMIZATION_LEVEL = 0;
				GCC_PREPROCESSOR_DEFINITIONS = (
					"DEBUG=1",
					"$(inherited)",
				);
				GCC_WARN_64_TO_32_BIT_CONVERSION = YES;
				GCC_WARN_ABOUT_RETURN_TYPE = YES_ERROR;
				GCC_WARN_UNDECLARED_SELECTOR = YES;
				GCC_WARN_UNINITIALIZED_AUTOS = YES_AGGRESSIVE;
				GCC_WARN_UNUSED_FUNCTION = YES;
				GCC_WARN_UNUSED_VARIABLE = YES;
				IPHONEOS_DEPLOYMENT_TARGET = 15.5;
				MTL_ENABLE_DEBUG_INFO = INCLUDE_SOURCE;
				MTL_FAST_MATH = YES;
				ONLY_ACTIVE_ARCH = YES;
				SDKROOT = iphoneos;
				SWIFT_ACTIVE_COMPILATION_CONDITIONS = DEBUG;
				SWIFT_OPTIMIZATION_LEVEL = "-Onone";
			};
			name = Debug;
		};
		B54595A828C7FB7E006CB520 /* Release */ = {
			isa = XCBuildConfiguration;
			buildSettings = {
				ALWAYS_SEARCH_USER_PATHS = NO;
				CLANG_ANALYZER_NONNULL = YES;
				CLANG_ANALYZER_NUMBER_OBJECT_CONVERSION = YES_AGGRESSIVE;
				CLANG_CXX_LANGUAGE_STANDARD = "gnu++17";
				CLANG_ENABLE_MODULES = YES;
				CLANG_ENABLE_OBJC_ARC = YES;
				CLANG_ENABLE_OBJC_WEAK = YES;
				CLANG_WARN_BLOCK_CAPTURE_AUTORELEASING = YES;
				CLANG_WARN_BOOL_CONVERSION = YES;
				CLANG_WARN_COMMA = YES;
				CLANG_WARN_CONSTANT_CONVERSION = YES;
				CLANG_WARN_DEPRECATED_OBJC_IMPLEMENTATIONS = YES;
				CLANG_WARN_DIRECT_OBJC_ISA_USAGE = YES_ERROR;
				CLANG_WARN_DOCUMENTATION_COMMENTS = YES;
				CLANG_WARN_EMPTY_BODY = YES;
				CLANG_WARN_ENUM_CONVERSION = YES;
				CLANG_WARN_INFINITE_RECURSION = YES;
				CLANG_WARN_INT_CONVERSION = YES;
				CLANG_WARN_NON_LITERAL_NULL_CONVERSION = YES;
				CLANG_WARN_OBJC_IMPLICIT_RETAIN_SELF = YES;
				CLANG_WARN_OBJC_LITERAL_CONVERSION = YES;
				CLANG_WARN_OBJC_ROOT_CLASS = YES_ERROR;
				CLANG_WARN_QUOTED_INCLUDE_IN_FRAMEWORK_HEADER = YES;
				CLANG_WARN_RANGE_LOOP_ANALYSIS = YES;
				CLANG_WARN_STRICT_PROTOTYPES = YES;
				CLANG_WARN_SUSPICIOUS_MOVE = YES;
				CLANG_WARN_UNGUARDED_AVAILABILITY = YES_AGGRESSIVE;
				CLANG_WARN_UNREACHABLE_CODE = YES;
				CLANG_WARN__DUPLICATE_METHOD_MATCH = YES;
				COPY_PHASE_STRIP = NO;
				DEBUG_INFORMATION_FORMAT = "dwarf-with-dsym";
				ENABLE_NS_ASSERTIONS = NO;
				ENABLE_STRICT_OBJC_MSGSEND = YES;
				GCC_C_LANGUAGE_STANDARD = gnu11;
				GCC_NO_COMMON_BLOCKS = YES;
				GCC_WARN_64_TO_32_BIT_CONVERSION = YES;
				GCC_WARN_ABOUT_RETURN_TYPE = YES_ERROR;
				GCC_WARN_UNDECLARED_SELECTOR = YES;
				GCC_WARN_UNINITIALIZED_AUTOS = YES_AGGRESSIVE;
				GCC_WARN_UNUSED_FUNCTION = YES;
				GCC_WARN_UNUSED_VARIABLE = YES;
				IPHONEOS_DEPLOYMENT_TARGET = 15.5;
				MTL_ENABLE_DEBUG_INFO = NO;
				MTL_FAST_MATH = YES;
				SDKROOT = iphoneos;
				SWIFT_COMPILATION_MODE = wholemodule;
				SWIFT_OPTIMIZATION_LEVEL = "-O";
				VALIDATE_PRODUCT = YES;
			};
			name = Release;
		};
		B54595AA28C7FB7E006CB520 /* Debug */ = {
			isa = XCBuildConfiguration;
			buildSettings = {
				ASSETCATALOG_COMPILER_APPICON_NAME = AppIcon;
				ASSETCATALOG_COMPILER_GLOBAL_ACCENT_COLOR_NAME = AccentColor;
				CODE_SIGN_STYLE = Automatic;
				CURRENT_PROJECT_VERSION = 1;
				DEVELOPMENT_ASSET_PATHS = "\"Ghosty/Preview Content\"";
				DEVELOPMENT_TEAM = 6M38R97L4D;
				ENABLE_PREVIEWS = YES;
				GENERATE_INFOPLIST_FILE = YES;
				INFOPLIST_FILE = Ghosty/Info.plist;
				INFOPLIST_KEY_CFBundleDisplayName = iGhosty;
				INFOPLIST_KEY_UIApplicationSceneManifest_Generation = YES;
				INFOPLIST_KEY_UIApplicationSupportsIndirectInputEvents = YES;
				INFOPLIST_KEY_UILaunchScreen_Generation = YES;
				INFOPLIST_KEY_UISupportedInterfaceOrientations_iPad = "UIInterfaceOrientationPortrait UIInterfaceOrientationPortraitUpsideDown UIInterfaceOrientationLandscapeLeft UIInterfaceOrientationLandscapeRight";
				INFOPLIST_KEY_UISupportedInterfaceOrientations_iPhone = "UIInterfaceOrientationPortrait UIInterfaceOrientationLandscapeLeft UIInterfaceOrientationLandscapeRight";
				LD_RUNPATH_SEARCH_PATHS = (
					"$(inherited)",
					"@executable_path/Frameworks",
				);
				MARKETING_VERSION = 1.4.1;
				PRODUCT_BUNDLE_IDENTIFIER = zgamelogic.Ghosty;
				PRODUCT_NAME = "$(TARGET_NAME)";
				SWIFT_EMIT_LOC_STRINGS = YES;
				SWIFT_VERSION = 5.0;
				TARGETED_DEVICE_FAMILY = "1,2";
			};
			name = Debug;
		};
		B54595AB28C7FB7E006CB520 /* Release */ = {
			isa = XCBuildConfiguration;
			buildSettings = {
				ASSETCATALOG_COMPILER_APPICON_NAME = AppIcon;
				ASSETCATALOG_COMPILER_GLOBAL_ACCENT_COLOR_NAME = AccentColor;
				CODE_SIGN_STYLE = Automatic;
				CURRENT_PROJECT_VERSION = 1;
				DEVELOPMENT_ASSET_PATHS = "\"Ghosty/Preview Content\"";
				DEVELOPMENT_TEAM = 6M38R97L4D;
				ENABLE_PREVIEWS = YES;
				GENERATE_INFOPLIST_FILE = YES;
				INFOPLIST_FILE = Ghosty/Info.plist;
				INFOPLIST_KEY_CFBundleDisplayName = iGhosty;
				INFOPLIST_KEY_UIApplicationSceneManifest_Generation = YES;
				INFOPLIST_KEY_UIApplicationSupportsIndirectInputEvents = YES;
				INFOPLIST_KEY_UILaunchScreen_Generation = YES;
				INFOPLIST_KEY_UISupportedInterfaceOrientations_iPad = "UIInterfaceOrientationPortrait UIInterfaceOrientationPortraitUpsideDown UIInterfaceOrientationLandscapeLeft UIInterfaceOrientationLandscapeRight";
				INFOPLIST_KEY_UISupportedInterfaceOrientations_iPhone = "UIInterfaceOrientationPortrait UIInterfaceOrientationLandscapeLeft UIInterfaceOrientationLandscapeRight";
				LD_RUNPATH_SEARCH_PATHS = (
					"$(inherited)",
					"@executable_path/Frameworks",
				);
				MARKETING_VERSION = 1.4.1;
				PRODUCT_BUNDLE_IDENTIFIER = zgamelogic.Ghosty;
				PRODUCT_NAME = "$(TARGET_NAME)";
				SWIFT_EMIT_LOC_STRINGS = YES;
				SWIFT_VERSION = 5.0;
				TARGETED_DEVICE_FAMILY = "1,2";
			};
			name = Release;
		};
/* End XCBuildConfiguration section */

/* Begin XCConfigurationList section */
		B545959628C7FB7E006CB520 /* Build configuration list for PBXProject "Ghosty" */ = {
			isa = XCConfigurationList;
			buildConfigurations = (
				B54595A728C7FB7E006CB520 /* Debug */,
				B54595A828C7FB7E006CB520 /* Release */,
			);
			defaultConfigurationIsVisible = 0;
			defaultConfigurationName = Release;
		};
		B54595A928C7FB7E006CB520 /* Build configuration list for PBXNativeTarget "Ghosty" */ = {
			isa = XCConfigurationList;
			buildConfigurations = (
				B54595AA28C7FB7E006CB520 /* Debug */,
				B54595AB28C7FB7E006CB520 /* Release */,
			);
			defaultConfigurationIsVisible = 0;
			defaultConfigurationName = Release;
		};
/* End XCConfigurationList section */
	};
	rootObject = B545959328C7FB7E006CB520 /* Project object */;
}
